
Microsoft Visual Studio Solution File, Format Version 12.00
# Visual Studio Version 17
VisualStudioVersion = 17.5.33627.172
MinimumVisualStudioVersion = 10.0.40219.1
Project("{FAE04EC0-301F-11D3-BF4B-00C04F79EFBC}") = "Jardines2023.Windows", "Jardines2023.Windows\Jardines2023.Windows.csproj", "{BDF6C588-9A90-4C82-A279-1BF1CDB2C386}"
EndProject
Project("{FAE04EC0-301F-11D3-BF4B-00C04F79EFBC}") = "Jardines2023.Entidades", "Jardines2023.Entidades\Jardines2023.Entidades.csproj", "{8AD67429-A7C4-43CB-9241-E1252E32A466}"
EndProject
Project("{FAE04EC0-301F-11D3-BF4B-00C04F79EFBC}") = "Jardines2023.Datos", "Jardines2023.Datos\Jardines2023.Datos.csproj", "{FC45EE78-2676-4A6D-ADFF-147A8514A6B0}"
EndProject
Project("{FAE04EC0-301F-11D3-BF4B-00C04F79EFBC}") = "Jardines2023.Servicios", "Jardines2023.Servicios\Jardines2023.Servicios.csproj", "{9316C7F1-A389-4F38-B11F-ED4C2D63F6F0}"
EndProject
Project("{FAE04EC0-301F-11D3-BF4B-00C04F79EFBC}") = "Jardines2023.Comun", "Jardines2023.Comun\Jardines2023.Comun.csproj", "{3A9697F6-652D-477C-9D9E-1247E8E00342}"
EndProject
Global
	GlobalSection(SolutionConfigurationPlatforms) = preSolution
		Debug|Any CPU = Debug|Any CPU
		Release|Any CPU = Release|Any CPU
	EndGlobalSection
	GlobalSection(ProjectConfigurationPlatforms) = postSolution
		{BDF6C588-9A90-4C82-A279-1BF1CDB2C386}.Debug|Any CPU.ActiveCfg = Debug|Any CPU
		{BDF6C588-9A90-4C82-A279-1BF1CDB2C386}.Debug|Any CPU.Build.0 = Debug|Any CPU
		{BDF6C588-9A90-4C82-A279-1BF1CDB2C386}.Release|Any CPU.ActiveCfg = Release|Any CPU
		{BDF6C588-9A90-4C82-A279-1BF1CDB2C386}.Release|Any CPU.Build.0 = Release|Any CPU
		{8AD67429-A7C4-43CB-9241-E1252E32A466}.Debug|Any CPU.ActiveCfg = Debug|Any CPU
		{8AD67429-A7C4-43CB-9241-E1252E32A466}.Debug|Any CPU.Build.0 = Debug|Any CPU
		{8AD67429-A7C4-43CB-9241-E1252E32A466}.Release|Any CPU.ActiveCfg = Release|Any CPU
		{8AD67429-A7C4-43CB-9241-E1252E32A466}.Release|Any CPU.Build.0 = Release|Any CPU
		{FC45EE78-2676-4A6D-ADFF-147A8514A6B0}.Debug|Any CPU.ActiveCfg = Debug|Any CPU
		{FC45EE78-2676-4A6D-ADFF-147A8514A6B0}.Debug|Any CPU.Build.0 = Debug|Any CPU
		{FC45EE78-2676-4A6D-ADFF-147A8514A6B0}.Release|Any CPU.ActiveCfg = Release|Any CPU
		{FC45EE78-2676-4A6D-ADFF-147A8514A6B0}.Release|Any CPU.Build.0 = Release|Any CPU
		{9316C7F1-A389-4F38-B11F-ED4C2D63F6F0}.Debug|Any CPU.ActiveCfg = Debug|Any CPU
		{9316C7F1-A389-4F38-B11F-ED4C2D63F6F0}.Debug|Any CPU.Build.0 = Debug|Any CPU
		{9316C7F1-A389-4F38-B11F-ED4C2D63F6F0}.Release|Any CPU.ActiveCfg = Release|Any CPU
		{9316C7F1-A389-4F38-B11F-ED4C2D63F6F0}.Release|Any CPU.Build.0 = Release|Any CPU
		{3A9697F6-652D-477C-9D9E-1247E8E00342}.Debug|Any CPU.ActiveCfg = Debug|Any CPU
		{3A9697F6-652D-477C-9D9E-1247E8E00342}.Debug|Any CPU.Build.0 = Debug|Any CPU
		{3A9697F6-652D-477C-9D9E-1247E8E00342}.Release|Any CPU.ActiveCfg = Release|Any CPU
		{3A9697F6-652D-477C-9D9E-1247E8E00342}.Release|Any CPU.Build.0 = Release|Any CPU
	EndGlobalSection
	GlobalSection(SolutionProperties) = preSolution
		HideSolutionNode = FALSE
	EndGlobalSection
	GlobalSection(ExtensibilityGlobals) = postSolution
		SolutionGuid = {B3793CB9-441E-4FDB-82E4-7252487B78BF}
	EndGlobalSection
EndGlobal
